
Microsoft Visual Studio Solution File, Format Version 12.00
# Visual Studio Version 17
VisualStudioVersion = 17.11.35303.130
MinimumVisualStudioVersion = 10.0.40219.1
Project("{8BC9CEB8-8B4A-11D0-8D11-00A0C91BC942}") = "lab0", "lab0\lab0.vcxproj", "{697BA7D4-3014-421A-8484-7F2FC1D1DF3A}"
EndProject
Project("{8BC9CEB8-8B4A-11D0-8D11-00A0C91BC942}") = "common", "common\common.vcxproj", "{43CE54D0-ADC2-4375-BC85-E703C23CAA90}"
EndProject
Project("{8BC9CEB8-8B4A-11D0-8D11-00A0C91BC942}") = "lab1", "lab1\lab1.vcxproj", "{8E2E4B75-A63A-4894-ABF1-CE7E2B4A28A1}"
EndProject
Project("{8BC9CEB8-8B4A-11D0-8D11-00A0C91BC942}") = "lab2", "lab2\lab2.vcxproj", "{532C8615-4075-423E-B094-238C513A4534}"
EndProject
Project("{8BC9CEB8-8B4A-11D0-8D11-00A0C91BC942}") = "lab3", "lab3\lab3.vcxproj", "{DD792FD3-AF15-4437-B9FD-4857A844DB07}"
EndProject
Project("{8BC9CEB8-8B4A-11D0-8D11-00A0C91BC942}") = "lab4", "lab4\lab4.vcxproj", "{5B3E3FAD-B88D-4077-8655-4D2BE4C426A5}"
EndProject
Project("{8BC9CEB8-8B4A-11D0-8D11-00A0C91BC942}") = "lab5", "lab5\lab5.vcxproj", "{F9ECFBB1-6BC8-4DC6-8AAC-564DABB85353}"
EndProject
Project("{8BC9CEB8-8B4A-11D0-8D11-00A0C91BC942}") = "lab6", "lab6\lab6.vcxproj", "{A53ED6D3-BFE5-41F1-BE54-F6C8C848F6D6}"
EndProject
Project("{8BC9CEB8-8B4A-11D0-8D11-00A0C91BC942}") = "lab7", "lab7\lab7.vcxproj", "{8B4DC390-ABBF-4F53-BAB3-38CF9AEB8C9C}"
EndProject
Project("{8BC9CEB8-8B4A-11D0-8D11-00A0C91BC942}") = "kurs", "kurs\kurs.vcxproj", "{A8F0D2DF-69E5-4D92-AB79-4DF2575D97D4}"
EndProject
Global
	GlobalSection(SolutionConfigurationPlatforms) = preSolution
		Debug|x64 = Debug|x64
		Debug|x86 = Debug|x86
		Release|x64 = Release|x64
		Release|x86 = Release|x86
	EndGlobalSection
	GlobalSection(ProjectConfigurationPlatforms) = postSolution
		{697BA7D4-3014-421A-8484-7F2FC1D1DF3A}.Debug|x64.ActiveCfg = Debug|x64
		{697BA7D4-3014-421A-8484-7F2FC1D1DF3A}.Debug|x64.Build.0 = Debug|x64
		{697BA7D4-3014-421A-8484-7F2FC1D1DF3A}.Debug|x86.ActiveCfg = Debug|Win32
		{697BA7D4-3014-421A-8484-7F2FC1D1DF3A}.Debug|x86.Build.0 = Debug|Win32
		{697BA7D4-3014-421A-8484-7F2FC1D1DF3A}.Release|x64.ActiveCfg = Release|x64
		{697BA7D4-3014-421A-8484-7F2FC1D1DF3A}.Release|x64.Build.0 = Release|x64
		{697BA7D4-3014-421A-8484-7F2FC1D1DF3A}.Release|x86.ActiveCfg = Release|Win32
		{697BA7D4-3014-421A-8484-7F2FC1D1DF3A}.Release|x86.Build.0 = Release|Win32
		{43CE54D0-ADC2-4375-BC85-E703C23CAA90}.Debug|x64.ActiveCfg = Debug|x64
		{43CE54D0-ADC2-4375-BC85-E703C23CAA90}.Debug|x64.Build.0 = Debug|x64
		{43CE54D0-ADC2-4375-BC85-E703C23CAA90}.Debug|x86.ActiveCfg = Debug|Win32
		{43CE54D0-ADC2-4375-BC85-E703C23CAA90}.Debug|x86.Build.0 = Debug|Win32
		{43CE54D0-ADC2-4375-BC85-E703C23CAA90}.Release|x64.ActiveCfg = Release|x64
		{43CE54D0-ADC2-4375-BC85-E703C23CAA90}.Release|x64.Build.0 = Release|x64
		{43CE54D0-ADC2-4375-BC85-E703C23CAA90}.Release|x86.ActiveCfg = Release|Win32
		{43CE54D0-ADC2-4375-BC85-E703C23CAA90}.Release|x86.Build.0 = Release|Win32
		{8E2E4B75-A63A-4894-ABF1-CE7E2B4A28A1}.Debug|x64.ActiveCfg = Debug|x64
		{8E2E4B75-A63A-4894-ABF1-CE7E2B4A28A1}.Debug|x64.Build.0 = Debug|x64
		{8E2E4B75-A63A-4894-ABF1-CE7E2B4A28A1}.Debug|x86.ActiveCfg = Debug|Win32
		{8E2E4B75-A63A-4894-ABF1-CE7E2B4A28A1}.Debug|x86.Build.0 = Debug|Win32
		{8E2E4B75-A63A-4894-ABF1-CE7E2B4A28A1}.Release|x64.ActiveCfg = Release|x64
		{8E2E4B75-A63A-4894-ABF1-CE7E2B4A28A1}.Release|x64.Build.0 = Release|x64
		{8E2E4B75-A63A-4894-ABF1-CE7E2B4A28A1}.Release|x86.ActiveCfg = Release|Win32
		{8E2E4B75-A63A-4894-ABF1-CE7E2B4A28A1}.Release|x86.Build.0 = Release|Win32
		{532C8615-4075-423E-B094-238C513A4534}.Debug|x64.ActiveCfg = Debug|x64
		{532C8615-4075-423E-B094-238C513A4534}.Debug|x64.Build.0 = Debug|x64
		{532C8615-4075-423E-B094-238C513A4534}.Debug|x86.ActiveCfg = Debug|Win32
		{532C8615-4075-423E-B094-238C513A4534}.Debug|x86.Build.0 = Debug|Win32
		{532C8615-4075-423E-B094-238C513A4534}.Release|x64.ActiveCfg = Release|x64
		{532C8615-4075-423E-B094-238C513A4534}.Release|x64.Build.0 = Release|x64
		{532C8615-4075-423E-B094-238C513A4534}.Release|x86.ActiveCfg = Release|Win32
		{532C8615-4075-423E-B094-238C513A4534}.Release|x86.Build.0 = Release|Win32
		{DD792FD3-AF15-4437-B9FD-4857A844DB07}.Debug|x64.ActiveCfg = Debug|x64
		{DD792FD3-AF15-4437-B9FD-4857A844DB07}.Debug|x64.Build.0 = Debug|x64
		{DD792FD3-AF15-4437-B9FD-4857A844DB07}.Debug|x86.ActiveCfg = Debug|Win32
		{DD792FD3-AF15-4437-B9FD-4857A844DB07}.Debug|x86.Build.0 = Debug|Win32
		{DD792FD3-AF15-4437-B9FD-4857A844DB07}.Release|x64.ActiveCfg = Release|x64
		{DD792FD3-AF15-4437-B9FD-4857A844DB07}.Release|x64.Build.0 = Release|x64
		{DD792FD3-AF15-4437-B9FD-4857A844DB07}.Release|x86.ActiveCfg = Release|Win32
		{DD792FD3-AF15-4437-B9FD-4857A844DB07}.Release|x86.Build.0 = Release|Win32
		{5B3E3FAD-B88D-4077-8655-4D2BE4C426A5}.Debug|x64.ActiveCfg = Debug|x64
		{5B3E3FAD-B88D-4077-8655-4D2BE4C426A5}.Debug|x64.Build.0 = Debug|x64
		{5B3E3FAD-B88D-4077-8655-4D2BE4C426A5}.Debug|x86.ActiveCfg = Debug|Win32
		{5B3E3FAD-B88D-4077-8655-4D2BE4C426A5}.Debug|x86.Build.0 = Debug|Win32
		{5B3E3FAD-B88D-4077-8655-4D2BE4C426A5}.Release|x64.ActiveCfg = Release|x64
		{5B3E3FAD-B88D-4077-8655-4D2BE4C426A5}.Release|x64.Build.0 = Release|x64
		{5B3E3FAD-B88D-4077-8655-4D2BE4C426A5}.Release|x86.ActiveCfg = Release|Win32
		{5B3E3FAD-B88D-4077-8655-4D2BE4C426A5}.Release|x86.Build.0 = Release|Win32
		{F9ECFBB1-6BC8-4DC6-8AAC-564DABB85353}.Debug|x64.ActiveCfg = Debug|x64
		{F9ECFBB1-6BC8-4DC6-8AAC-564DABB85353}.Debug|x64.Build.0 = Debug|x64
		{F9ECFBB1-6BC8-4DC6-8AAC-564DABB85353}.Debug|x86.ActiveCfg = Debug|Win32
		{F9ECFBB1-6BC8-4DC6-8AAC-564DABB85353}.Debug|x86.Build.0 = Debug|Win32
		{F9ECFBB1-6BC8-4DC6-8AAC-564DABB85353}.Release|x64.ActiveCfg = Release|x64
		{F9ECFBB1-6BC8-4DC6-8AAC-564DABB85353}.Release|x64.Build.0 = Release|x64
		{F9ECFBB1-6BC8-4DC6-8AAC-564DABB85353}.Release|x86.ActiveCfg = Release|Win32
		{F9ECFBB1-6BC8-4DC6-8AAC-564DABB85353}.Release|x86.Build.0 = Release|Win32
		{A53ED6D3-BFE5-41F1-BE54-F6C8C848F6D6}.Debug|x64.ActiveCfg = Debug|x64
		{A53ED6D3-BFE5-41F1-BE54-F6C8C848F6D6}.Debug|x64.Build.0 = Debug|x64
		{A53ED6D3-BFE5-41F1-BE54-F6C8C848F6D6}.Debug|x86.ActiveCfg = Debug|Win32
		{A53ED6D3-BFE5-41F1-BE54-F6C8C848F6D6}.Debug|x86.Build.0 = Debug|Win32
		{A53ED6D3-BFE5-41F1-BE54-F6C8C848F6D6}.Release|x64.ActiveCfg = Release|x64
		{A53ED6D3-BFE5-41F1-BE54-F6C8C848F6D6}.Release|x64.Build.0 = Release|x64
		{A53ED6D3-BFE5-41F1-BE54-F6C8C848F6D6}.Release|x86.ActiveCfg = Release|Win32
		{A53ED6D3-BFE5-41F1-BE54-F6C8C848F6D6}.Release|x86.Build.0 = Release|Win32
		{8B4DC390-ABBF-4F53-BAB3-38CF9AEB8C9C}.Debug|x64.ActiveCfg = Debug|x64
		{8B4DC390-ABBF-4F53-BAB3-38CF9AEB8C9C}.Debug|x64.Build.0 = Debug|x64
		{8B4DC390-ABBF-4F53-BAB3-38CF9AEB8C9C}.Debug|x86.ActiveCfg = Debug|Win32
		{8B4DC390-ABBF-4F53-BAB3-38CF9AEB8C9C}.Debug|x86.Build.0 = Debug|Win32
		{8B4DC390-ABBF-4F53-BAB3-38CF9AEB8C9C}.Release|x64.ActiveCfg = Release|x64
		{8B4DC390-ABBF-4F53-BAB3-38CF9AEB8C9C}.Release|x64.Build.0 = Release|x64
		{8B4DC390-ABBF-4F53-BAB3-38CF9AEB8C9C}.Release|x86.ActiveCfg = Release|Win32
		{8B4DC390-ABBF-4F53-BAB3-38CF9AEB8C9C}.Release|x86.Build.0 = Release|Win32
		{A8F0D2DF-69E5-4D92-AB79-4DF2575D97D4}.Debug|x64.ActiveCfg = Debug|x64
		{A8F0D2DF-69E5-4D92-AB79-4DF2575D97D4}.Debug|x64.Build.0 = Debug|x64
		{A8F0D2DF-69E5-4D92-AB79-4DF2575D97D4}.Debug|x86.ActiveCfg = Debug|Win32
		{A8F0D2DF-69E5-4D92-AB79-4DF2575D97D4}.Debug|x86.Build.0 = Debug|Win32
		{A8F0D2DF-69E5-4D92-AB79-4DF2575D97D4}.Release|x64.ActiveCfg = Release|x64
		{A8F0D2DF-69E5-4D92-AB79-4DF2575D97D4}.Release|x64.Build.0 = Release|x64
		{A8F0D2DF-69E5-4D92-AB79-4DF2575D97D4}.Release|x86.ActiveCfg = Release|Win32
		{A8F0D2DF-69E5-4D92-AB79-4DF2575D97D4}.Release|x86.Build.0 = Release|Win32
	EndGlobalSection
	GlobalSection(SolutionProperties) = preSolution
		HideSolutionNode = FALSE
	EndGlobalSection
	GlobalSection(ExtensibilityGlobals) = postSolution
		SolutionGuid = {5B31AE07-58C5-44F6-96D2-D7C829054F34}
	EndGlobalSection
EndGlobal
